Microsoft Visual Studio Solution File, Format Version 12.00
# Visual Studio Version 17
VisualStudioVersion = 17.5.2.0
MinimumVisualStudioVersion = 10.0.40219.1
Project("{FAE04EC0-301F-11D3-BF4B-00C04F79EFBC}") = "QuizTest", "QuizTest\QuizTest.csproj", "{A2D1A600-933D-283F-676A-3923B756DC50}"
EndProject
Global
	GlobalSection(SolutionConfigurationPlatforms) = preSolution
		Debug|Any CPU = Debug|Any CPU
		Release|Any CPU = Release|Any CPU
	EndGlobalSection
	GlobalSection(ProjectConfigurationPlatforms) = postSolution
		{A2D1A600-933D-283F-676A-3923B756DC50}.Debug|Any CPU.ActiveCfg = Debug|Any CPU
		{A2D1A600-933D-283F-676A-3923B756DC50}.Debug|Any CPU.Build.0 = Debug|Any CPU
		{A2D1A600-933D-283F-676A-3923B756DC50}.Release|Any CPU.ActiveCfg = Release|Any CPU
		{A2D1A600-933D-283F-676A-3923B756DC50}.Release|Any CPU.Build.0 = Release|Any CPU
	EndGlobalSection
	GlobalSection(SolutionProperties) = preSolution
		HideSolutionNode = FALSE
	EndGlobalSection
	GlobalSection(ExtensibilityGlobals) = postSolution
		SolutionGuid = {982B991A-6F6E-4524-965D-8EF3880985BB}
	EndGlobalSection
EndGlobal
